
Microsoft Visual Studio Solution File, Format Version 11.00
# Visual Studio 2010
Project("{FAE04EC0-301F-11D3-BF4B-00C04F79EFBC}") = "CIMarketPriceFinder2007", "CIMarketPriceFinder2007\CIMarketPriceFinder2007.csproj", "{3B58754E-1F59-43CE-9313-2E2F93001B2F}"
EndProject
Global
	GlobalSection(SolutionConfigurationPlatforms) = preSolution
		Debug|Any CPU = Debug|Any CPU
		Release|Any CPU = Release|Any CPU
	EndGlobalSection
	GlobalSection(ProjectConfigurationPlatforms) = postSolution
		{3B58754E-1F59-43CE-9313-2E2F93001B2F}.Debug|Any CPU.ActiveCfg = Debug|Any CPU
		{3B58754E-1F59-43CE-9313-2E2F93001B2F}.Debug|Any CPU.Build.0 = Debug|Any CPU
		{3B58754E-1F59-43CE-9313-2E2F93001B2F}.Release|Any CPU.ActiveCfg = Release|Any CPU
		{3B58754E-1F59-43CE-9313-2E2F93001B2F}.Release|Any CPU.Build.0 = Release|Any CPU
	EndGlobalSection
	GlobalSection(SolutionProperties) = preSolution
		HideSolutionNode = FALSE
	EndGlobalSection
EndGlobal
